
Microsoft Visual Studio Solution File, Format Version 12.00
# Visual Studio Version 17
VisualStudioVersion = 17.4.33006.217
MinimumVisualStudioVersion = 10.0.40219.1
Project("{9A19103F-16F7-4668-BE54-9A1E7A4F7556}") = "Nice.HttpProxy", "Nice.HttpProxy\Nice.HttpProxy.csproj", "{AA958781-ABCB-4B5C-A834-896548696435}"
EndProject
Project("{2150E333-8FDC-42A3-9474-1A3956D46DE8}") = "samples", "samples", "{57A2C423-9C06-46FB-AC56-08360EE35BF2}"
EndProject
Project("{9A19103F-16F7-4668-BE54-9A1E7A4F7556}") = "Nice.HttpProxy.Demo", "samples\Nice.HttpProxy.Demo\Nice.HttpProxy.Demo.csproj", "{D239A6CA-8B8D-461D-B770-0CB4CEA2B9C1}"
EndProject
Project("{2150E333-8FDC-42A3-9474-1A3956D46DE8}") = "解决方案项", "解决方案项", "{CCC4A2C4-7066-4D3C-8DD9-016FB4017F04}"
	ProjectSection(SolutionItems) = preProject
		.github\workflows\public2nuget.yml = .github\workflows\public2nuget.yml
		README.md = README.md
	EndProjectSection
EndProject
Global
	GlobalSection(SolutionConfigurationPlatforms) = preSolution
		Debug|Any CPU = Debug|Any CPU
		Release|Any CPU = Release|Any CPU
	EndGlobalSection
	GlobalSection(ProjectConfigurationPlatforms) = postSolution
		{AA958781-ABCB-4B5C-A834-896548696435}.Debug|Any CPU.ActiveCfg = Debug|Any CPU
		{AA958781-ABCB-4B5C-A834-896548696435}.Debug|Any CPU.Build.0 = Debug|Any CPU
		{AA958781-ABCB-4B5C-A834-896548696435}.Release|Any CPU.ActiveCfg = Release|Any CPU
		{AA958781-ABCB-4B5C-A834-896548696435}.Release|Any CPU.Build.0 = Release|Any CPU
		{D239A6CA-8B8D-461D-B770-0CB4CEA2B9C1}.Debug|Any CPU.ActiveCfg = Debug|Any CPU
		{D239A6CA-8B8D-461D-B770-0CB4CEA2B9C1}.Debug|Any CPU.Build.0 = Debug|Any CPU
		{D239A6CA-8B8D-461D-B770-0CB4CEA2B9C1}.Release|Any CPU.ActiveCfg = Release|Any CPU
		{D239A6CA-8B8D-461D-B770-0CB4CEA2B9C1}.Release|Any CPU.Build.0 = Release|Any CPU
	EndGlobalSection
	GlobalSection(SolutionProperties) = preSolution
		HideSolutionNode = FALSE
	EndGlobalSection
	GlobalSection(NestedProjects) = preSolution
		{D239A6CA-8B8D-461D-B770-0CB4CEA2B9C1} = {57A2C423-9C06-46FB-AC56-08360EE35BF2}
	EndGlobalSection
	GlobalSection(ExtensibilityGlobals) = postSolution
		SolutionGuid = {147F7045-2C69-47CF-8A0D-F936A2E9ACA0}
	EndGlobalSection
EndGlobal
